
Microsoft Visual Studio Solution File, Format Version 12.00
# Visual Studio Version 17
VisualStudioVersion = 17.14.36121.58
MinimumVisualStudioVersion = 10.0.40219.1
Project("{FAE04EC0-301F-11D3-BF4B-00C04F79EFBC}") = "RecruitmentTask", "RecruitmentTask\RecruitmentTask.csproj", "{5AE145E4-2F7A-4B0A-BB96-1F07F6FCB48C}"
EndProject
Project("{FAE04EC0-301F-11D3-BF4B-00C04F79EFBC}") = "Tests", "Tests\Tests.csproj", "{0D26FDB8-465E-4B2D-AC42-D90300BEFD7F}"
EndProject
Global
	GlobalSection(SolutionConfigurationPlatforms) = preSolution
		Debug|Any CPU = Debug|Any CPU
		Release|Any CPU = Release|Any CPU
	EndGlobalSection
	GlobalSection(ProjectConfigurationPlatforms) = postSolution
		{5AE145E4-2F7A-4B0A-BB96-1F07F6FCB48C}.Debug|Any CPU.ActiveCfg = Debug|Any CPU
		{5AE145E4-2F7A-4B0A-BB96-1F07F6FCB48C}.Debug|Any CPU.Build.0 = Debug|Any CPU
		{5AE145E4-2F7A-4B0A-BB96-1F07F6FCB48C}.Release|Any CPU.ActiveCfg = Release|Any CPU
		{5AE145E4-2F7A-4B0A-BB96-1F07F6FCB48C}.Release|Any CPU.Build.0 = Release|Any CPU
		{0D26FDB8-465E-4B2D-AC42-D90300BEFD7F}.Debug|Any CPU.ActiveCfg = Debug|Any CPU
		{0D26FDB8-465E-4B2D-AC42-D90300BEFD7F}.Debug|Any CPU.Build.0 = Debug|Any CPU
		{0D26FDB8-465E-4B2D-AC42-D90300BEFD7F}.Release|Any CPU.ActiveCfg = Release|Any CPU
		{0D26FDB8-465E-4B2D-AC42-D90300BEFD7F}.Release|Any CPU.Build.0 = Release|Any CPU
	EndGlobalSection
	GlobalSection(SolutionProperties) = preSolution
		HideSolutionNode = FALSE
	EndGlobalSection
	GlobalSection(ExtensibilityGlobals) = postSolution
		SolutionGuid = {EB1155BC-9F79-497C-A56F-0B436D683CF4}
	EndGlobalSection
EndGlobal
